
Microsoft Visual Studio Solution File, Format Version 12.00
# Visual Studio Version 16
VisualStudioVersion = 16.0.29403.142
MinimumVisualStudioVersion = 10.0.40219.1
Project("{8BC9CEB8-8B4A-11D0-8D11-00A0C91BC942}") = "SimpleFactory", "SimpleFactory\SimpleFactory.vcxproj", "{1F1035ED-B850-4D96-A997-0DB15E4BD98B}"
EndProject
Project("{8BC9CEB8-8B4A-11D0-8D11-00A0C91BC942}") = "FactoryMethod", "FactoryMethod\FactoryMethod.vcxproj", "{0BF6F854-06FF-422F-B711-590DC9012308}"
EndProject
Project("{8BC9CEB8-8B4A-11D0-8D11-00A0C91BC942}") = "AbstractFactory", "AbstractFactory\AbstractFactory.vcxproj", "{B434FD5C-99D8-41E5-B1C0-8C13E4B67E38}"
EndProject
Project("{8BC9CEB8-8B4A-11D0-8D11-00A0C91BC942}") = "Builder", "Builder\Builder.vcxproj", "{B371319B-77BF-4743-9C34-B0A8AA1F3778}"
EndProject
Project("{8BC9CEB8-8B4A-11D0-8D11-00A0C91BC942}") = "Singleton", "Singleton\Singleton.vcxproj", "{043B64ED-805A-4732-9FE4-7FC8168C320F}"
EndProject
Project("{8BC9CEB8-8B4A-11D0-8D11-00A0C91BC942}") = "Adapter", "Adapter\Adapter.vcxproj", "{4BAF5D7B-BBFE-4ED1-9E40-3F19FCCC256B}"
EndProject
Project("{8BC9CEB8-8B4A-11D0-8D11-00A0C91BC942}") = "AdapterClassMode", "AdapterClassMode\AdapterClassMode.vcxproj", "{F63F67E7-E408-425B-9CC1-DEAFC5352133}"
EndProject
Project("{8BC9CEB8-8B4A-11D0-8D11-00A0C91BC942}") = "Bridge", "Bridge\Bridge.vcxproj", "{A057216E-03FE-4DFA-A500-EBF029841955}"
EndProject
Project("{8BC9CEB8-8B4A-11D0-8D11-00A0C91BC942}") = "Decorator", "Decorator\Decorator.vcxproj", "{84F5874E-B7B9-43FD-9AC7-7DAD6D0F93A6}"
EndProject
Project("{8BC9CEB8-8B4A-11D0-8D11-00A0C91BC942}") = "Facade", "Facade\Facade.vcxproj", "{426B94A7-9E46-4DE6-96FC-A637ED04E1F9}"
EndProject
Global
	GlobalSection(SolutionConfigurationPlatforms) = preSolution
		Debug|x64 = Debug|x64
		Debug|x86 = Debug|x86
		Release|x64 = Release|x64
		Release|x86 = Release|x86
	EndGlobalSection
	GlobalSection(ProjectConfigurationPlatforms) = postSolution
		{1F1035ED-B850-4D96-A997-0DB15E4BD98B}.Debug|x64.ActiveCfg = Debug|x64
		{1F1035ED-B850-4D96-A997-0DB15E4BD98B}.Debug|x64.Build.0 = Debug|x64
		{1F1035ED-B850-4D96-A997-0DB15E4BD98B}.Debug|x86.ActiveCfg = Debug|Win32
		{1F1035ED-B850-4D96-A997-0DB15E4BD98B}.Debug|x86.Build.0 = Debug|Win32
		{1F1035ED-B850-4D96-A997-0DB15E4BD98B}.Release|x64.ActiveCfg = Release|x64
		{1F1035ED-B850-4D96-A997-0DB15E4BD98B}.Release|x64.Build.0 = Release|x64
		{1F1035ED-B850-4D96-A997-0DB15E4BD98B}.Release|x86.ActiveCfg = Release|Win32
		{1F1035ED-B850-4D96-A997-0DB15E4BD98B}.Release|x86.Build.0 = Release|Win32
		{0BF6F854-06FF-422F-B711-590DC9012308}.Debug|x64.ActiveCfg = Debug|x64
		{0BF6F854-06FF-422F-B711-590DC9012308}.Debug|x64.Build.0 = Debug|x64
		{0BF6F854-06FF-422F-B711-590DC9012308}.Debug|x86.ActiveCfg = Debug|Win32
		{0BF6F854-06FF-422F-B711-590DC9012308}.Debug|x86.Build.0 = Debug|Win32
		{0BF6F854-06FF-422F-B711-590DC9012308}.Release|x64.ActiveCfg = Release|x64
		{0BF6F854-06FF-422F-B711-590DC9012308}.Release|x64.Build.0 = Release|x64
		{0BF6F854-06FF-422F-B711-590DC9012308}.Release|x86.ActiveCfg = Release|Win32
		{0BF6F854-06FF-422F-B711-590DC9012308}.Release|x86.Build.0 = Release|Win32
		{B434FD5C-99D8-41E5-B1C0-8C13E4B67E38}.Debug|x64.ActiveCfg = Debug|x64
		{B434FD5C-99D8-41E5-B1C0-8C13E4B67E38}.Debug|x64.Build.0 = Debug|x64
		{B434FD5C-99D8-41E5-B1C0-8C13E4B67E38}.Debug|x86.ActiveCfg = Debug|Win32
		{B434FD5C-99D8-41E5-B1C0-8C13E4B67E38}.Debug|x86.Build.0 = Debug|Win32
		{B434FD5C-99D8-41E5-B1C0-8C13E4B67E38}.Release|x64.ActiveCfg = Release|x64
		{B434FD5C-99D8-41E5-B1C0-8C13E4B67E38}.Release|x64.Build.0 = Release|x64
		{B434FD5C-99D8-41E5-B1C0-8C13E4B67E38}.Release|x86.ActiveCfg = Release|Win32
		{B434FD5C-99D8-41E5-B1C0-8C13E4B67E38}.Release|x86.Build.0 = Release|Win32
		{B371319B-77BF-4743-9C34-B0A8AA1F3778}.Debug|x64.ActiveCfg = Debug|x64
		{B371319B-77BF-4743-9C34-B0A8AA1F3778}.Debug|x64.Build.0 = Debug|x64
		{B371319B-77BF-4743-9C34-B0A8AA1F3778}.Debug|x86.ActiveCfg = Debug|Win32
		{B371319B-77BF-4743-9C34-B0A8AA1F3778}.Debug|x86.Build.0 = Debug|Win32
		{B371319B-77BF-4743-9C34-B0A8AA1F3778}.Release|x64.ActiveCfg = Release|x64
		{B371319B-77BF-4743-9C34-B0A8AA1F3778}.Release|x64.Build.0 = Release|x64
		{B371319B-77BF-4743-9C34-B0A8AA1F3778}.Release|x86.ActiveCfg = Release|Win32
		{B371319B-77BF-4743-9C34-B0A8AA1F3778}.Release|x86.Build.0 = Release|Win32
		{043B64ED-805A-4732-9FE4-7FC8168C320F}.Debug|x64.ActiveCfg = Debug|x64
		{043B64ED-805A-4732-9FE4-7FC8168C320F}.Debug|x64.Build.0 = Debug|x64
		{043B64ED-805A-4732-9FE4-7FC8168C320F}.Debug|x86.ActiveCfg = Debug|Win32
		{043B64ED-805A-4732-9FE4-7FC8168C320F}.Debug|x86.Build.0 = Debug|Win32
		{043B64ED-805A-4732-9FE4-7FC8168C320F}.Release|x64.ActiveCfg = Release|x64
		{043B64ED-805A-4732-9FE4-7FC8168C320F}.Release|x64.Build.0 = Release|x64
		{043B64ED-805A-4732-9FE4-7FC8168C320F}.Release|x86.ActiveCfg = Release|Win32
		{043B64ED-805A-4732-9FE4-7FC8168C320F}.Release|x86.Build.0 = Release|Win32
		{4BAF5D7B-BBFE-4ED1-9E40-3F19FCCC256B}.Debug|x64.ActiveCfg = Debug|x64
		{4BAF5D7B-BBFE-4ED1-9E40-3F19FCCC256B}.Debug|x64.Build.0 = Debug|x64
		{4BAF5D7B-BBFE-4ED1-9E40-3F19FCCC256B}.Debug|x86.ActiveCfg = Debug|Win32
		{4BAF5D7B-BBFE-4ED1-9E40-3F19FCCC256B}.Debug|x86.Build.0 = Debug|Win32
		{4BAF5D7B-BBFE-4ED1-9E40-3F19FCCC256B}.Release|x64.ActiveCfg = Release|x64
		{4BAF5D7B-BBFE-4ED1-9E40-3F19FCCC256B}.Release|x64.Build.0 = Release|x64
		{4BAF5D7B-BBFE-4ED1-9E40-3F19FCCC256B}.Release|x86.ActiveCfg = Release|Win32
		{4BAF5D7B-BBFE-4ED1-9E40-3F19FCCC256B}.Release|x86.Build.0 = Release|Win32
		{F63F67E7-E408-425B-9CC1-DEAFC5352133}.Debug|x64.ActiveCfg = Debug|x64
		{F63F67E7-E408-425B-9CC1-DEAFC5352133}.Debug|x64.Build.0 = Debug|x64
		{F63F67E7-E408-425B-9CC1-DEAFC5352133}.Debug|x86.ActiveCfg = Debug|Win32
		{F63F67E7-E408-425B-9CC1-DEAFC5352133}.Debug|x86.Build.0 = Debug|Win32
		{F63F67E7-E408-425B-9CC1-DEAFC5352133}.Release|x64.ActiveCfg = Release|x64
		{F63F67E7-E408-425B-9CC1-DEAFC5352133}.Release|x64.Build.0 = Release|x64
		{F63F67E7-E408-425B-9CC1-DEAFC5352133}.Release|x86.ActiveCfg = Release|Win32
		{F63F67E7-E408-425B-9CC1-DEAFC5352133}.Release|x86.Build.0 = Release|Win32
		{A057216E-03FE-4DFA-A500-EBF029841955}.Debug|x64.ActiveCfg = Debug|x64
		{A057216E-03FE-4DFA-A500-EBF029841955}.Debug|x64.Build.0 = Debug|x64
		{A057216E-03FE-4DFA-A500-EBF029841955}.Debug|x86.ActiveCfg = Debug|Win32
		{A057216E-03FE-4DFA-A500-EBF029841955}.Debug|x86.Build.0 = Debug|Win32
		{A057216E-03FE-4DFA-A500-EBF029841955}.Release|x64.ActiveCfg = Release|x64
		{A057216E-03FE-4DFA-A500-EBF029841955}.Release|x64.Build.0 = Release|x64
		{A057216E-03FE-4DFA-A500-EBF029841955}.Release|x86.ActiveCfg = Release|Win32
		{A057216E-03FE-4DFA-A500-EBF029841955}.Release|x86.Build.0 = Release|Win32
		{84F5874E-B7B9-43FD-9AC7-7DAD6D0F93A6}.Debug|x64.ActiveCfg = Debug|x64
		{84F5874E-B7B9-43FD-9AC7-7DAD6D0F93A6}.Debug|x64.Build.0 = Debug|x64
		{84F5874E-B7B9-43FD-9AC7-7DAD6D0F93A6}.Debug|x86.ActiveCfg = Debug|Win32
		{84F5874E-B7B9-43FD-9AC7-7DAD6D0F93A6}.Debug|x86.Build.0 = Debug|Win32
		{84F5874E-B7B9-43FD-9AC7-7DAD6D0F93A6}.Release|x64.ActiveCfg = Release|x64
		{84F5874E-B7B9-43FD-9AC7-7DAD6D0F93A6}.Release|x64.Build.0 = Release|x64
		{84F5874E-B7B9-43FD-9AC7-7DAD6D0F93A6}.Release|x86.ActiveCfg = Release|Win32
		{84F5874E-B7B9-43FD-9AC7-7DAD6D0F93A6}.Release|x86.Build.0 = Release|Win32
		{426B94A7-9E46-4DE6-96FC-A637ED04E1F9}.Debug|x64.ActiveCfg = Debug|x64
		{426B94A7-9E46-4DE6-96FC-A637ED04E1F9}.Debug|x64.Build.0 = Debug|x64
		{426B94A7-9E46-4DE6-96FC-A637ED04E1F9}.Debug|x86.ActiveCfg = Debug|Win32
		{426B94A7-9E46-4DE6-96FC-A637ED04E1F9}.Debug|x86.Build.0 = Debug|Win32
		{426B94A7-9E46-4DE6-96FC-A637ED04E1F9}.Release|x64.ActiveCfg = Release|x64
		{426B94A7-9E46-4DE6-96FC-A637ED04E1F9}.Release|x64.Build.0 = Release|x64
		{426B94A7-9E46-4DE6-96FC-A637ED04E1F9}.Release|x86.ActiveCfg = Release|Win32
		{426B94A7-9E46-4DE6-96FC-A637ED04E1F9}.Release|x86.Build.0 = Release|Win32
	EndGlobalSection
	GlobalSection(SolutionProperties) = preSolution
		HideSolutionNode = FALSE
	EndGlobalSection
	GlobalSection(ExtensibilityGlobals) = postSolution
		SolutionGuid = {CA9B9818-F06F-4133-ACF2-0F4451158556}
	EndGlobalSection
EndGlobal
